
Microsoft Visual Studio Solution File, Format Version 12.00
# Visual Studio Version 16
VisualStudioVersion = 16.0.31321.278
MinimumVisualStudioVersion = 10.0.40219.1
Project("{9A19103F-16F7-4668-BE54-9A1E7A4F7556}") = "DotNet-Backend", "DotNet-Backend\DotNet-Backend.csproj", "{38B4795C-14F3-43DF-A27D-61FE637CBA91}"
EndProject
Project("{9A19103F-16F7-4668-BE54-9A1E7A4F7556}") = "DotNet-Backend.Data", "DotNet-Backend.Data\DotNet-Backend.Data.csproj", "{08A8C2C9-15E8-4718-BD04-078445905B96}"
EndProject
Project("{9A19103F-16F7-4668-BE54-9A1E7A4F7556}") = "DotNet-Backend.Data.Contracts", "DotNet-Backend.Data.Contracts\DotNet-Backend.Data.Contracts.csproj", "{805CDC87-FCCB-47F8-B595-78F38EED2095}"
EndProject
Project("{9A19103F-16F7-4668-BE54-9A1E7A4F7556}") = "DotNet-Backend.Model", "DotNet-Backend.Model\DotNet-Backend.Model.csproj", "{60AC22CC-9396-458A-B931-CB72F8CC92E7}"
EndProject
Project("{9A19103F-16F7-4668-BE54-9A1E7A4F7556}") = "DotNet-Backend.Services", "DotNet-Backend.Services\DotNet-Backend.Services.csproj", "{B1639D35-D045-4255-8EAA-008DDA361FA9}"
EndProject
Project("{2150E333-8FDC-42A3-9474-1A3956D46DE8}") = "Solution Items", "Solution Items", "{AB90861F-721A-4404-9905-0F4419AB5557}"
EndProject
Project("{E53339B2-1760-4266-BCC7-CA923CBCF16C}") = "docker-compose", "docker-compose.dcproj", "{8DD127CE-8810-4C24-90FC-8BE721D75C76}"
EndProject
Project("{FAE04EC0-301F-11D3-BF4B-00C04F79EFBC}") = "DotNet-Backend.Utils", "..\DotNet-Backend.Utils\DotNet-Backend.Utils.csproj", "{8CEBBE3A-A2DD-4CDF-A127-4310D8EBC72B}"
EndProject
Global
	GlobalSection(SolutionConfigurationPlatforms) = preSolution
		Debug|Any CPU = Debug|Any CPU
		Release|Any CPU = Release|Any CPU
	EndGlobalSection
	GlobalSection(ProjectConfigurationPlatforms) = postSolution
		{38B4795C-14F3-43DF-A27D-61FE637CBA91}.Debug|Any CPU.ActiveCfg = Debug|Any CPU
		{38B4795C-14F3-43DF-A27D-61FE637CBA91}.Debug|Any CPU.Build.0 = Debug|Any CPU
		{38B4795C-14F3-43DF-A27D-61FE637CBA91}.Release|Any CPU.ActiveCfg = Release|Any CPU
		{38B4795C-14F3-43DF-A27D-61FE637CBA91}.Release|Any CPU.Build.0 = Release|Any CPU
		{08A8C2C9-15E8-4718-BD04-078445905B96}.Debug|Any CPU.ActiveCfg = Debug|Any CPU
		{08A8C2C9-15E8-4718-BD04-078445905B96}.Debug|Any CPU.Build.0 = Debug|Any CPU
		{08A8C2C9-15E8-4718-BD04-078445905B96}.Release|Any CPU.ActiveCfg = Release|Any CPU
		{08A8C2C9-15E8-4718-BD04-078445905B96}.Release|Any CPU.Build.0 = Release|Any CPU
		{805CDC87-FCCB-47F8-B595-78F38EED2095}.Debug|Any CPU.ActiveCfg = Debug|Any CPU
		{805CDC87-FCCB-47F8-B595-78F38EED2095}.Debug|Any CPU.Build.0 = Debug|Any CPU
		{805CDC87-FCCB-47F8-B595-78F38EED2095}.Release|Any CPU.ActiveCfg = Release|Any CPU
		{805CDC87-FCCB-47F8-B595-78F38EED2095}.Release|Any CPU.Build.0 = Release|Any CPU
		{60AC22CC-9396-458A-B931-CB72F8CC92E7}.Debug|Any CPU.ActiveCfg = Debug|Any CPU
		{60AC22CC-9396-458A-B931-CB72F8CC92E7}.Debug|Any CPU.Build.0 = Debug|Any CPU
		{60AC22CC-9396-458A-B931-CB72F8CC92E7}.Release|Any CPU.ActiveCfg = Release|Any CPU
		{60AC22CC-9396-458A-B931-CB72F8CC92E7}.Release|Any CPU.Build.0 = Release|Any CPU
		{B1639D35-D045-4255-8EAA-008DDA361FA9}.Debug|Any CPU.ActiveCfg = Debug|Any CPU
		{B1639D35-D045-4255-8EAA-008DDA361FA9}.Debug|Any CPU.Build.0 = Debug|Any CPU
		{B1639D35-D045-4255-8EAA-008DDA361FA9}.Release|Any CPU.ActiveCfg = Release|Any CPU
		{B1639D35-D045-4255-8EAA-008DDA361FA9}.Release|Any CPU.Build.0 = Release|Any CPU
		{8DD127CE-8810-4C24-90FC-8BE721D75C76}.Debug|Any CPU.ActiveCfg = Debug|Any CPU
		{8DD127CE-8810-4C24-90FC-8BE721D75C76}.Debug|Any CPU.Build.0 = Debug|Any CPU
		{8DD127CE-8810-4C24-90FC-8BE721D75C76}.Release|Any CPU.ActiveCfg = Release|Any CPU
		{8DD127CE-8810-4C24-90FC-8BE721D75C76}.Release|Any CPU.Build.0 = Release|Any CPU
		{8CEBBE3A-A2DD-4CDF-A127-4310D8EBC72B}.Debug|Any CPU.ActiveCfg = Debug|Any CPU
		{8CEBBE3A-A2DD-4CDF-A127-4310D8EBC72B}.Debug|Any CPU.Build.0 = Debug|Any CPU
		{8CEBBE3A-A2DD-4CDF-A127-4310D8EBC72B}.Release|Any CPU.ActiveCfg = Release|Any CPU
		{8CEBBE3A-A2DD-4CDF-A127-4310D8EBC72B}.Release|Any CPU.Build.0 = Release|Any CPU
	EndGlobalSection
	GlobalSection(SolutionProperties) = preSolution
		HideSolutionNode = FALSE
	EndGlobalSection
	GlobalSection(ExtensibilityGlobals) = postSolution
		SolutionGuid = {4D4EA1A0-CBD1-435F-9B20-BCA86E15D83F}
	EndGlobalSection
EndGlobal
